
Microsoft Visual Studio Solution File, Format Version 12.00
# Visual Studio 15
VisualStudioVersion = 15.0.27703.2047
MinimumVisualStudioVersion = 10.0.40219.1
Project("{00D1A9C2-B5F0-4AF3-8072-F6C62B433612}") = "QueueServiceII", "QueueServiceII.sqlproj", "{49727542-63D1-421C-AB46-009DBE8CB05E}"
EndProject
Global
	GlobalSection(SolutionConfigurationPlatforms) = preSolution
		Debug|Any CPU = Debug|Any CPU
		Release|Any CPU = Release|Any CPU
	EndGlobalSection
	GlobalSection(ProjectConfigurationPlatforms) = postSolution
		{49727542-63D1-421C-AB46-009DBE8CB05E}.Debug|Any CPU.ActiveCfg = Debug|Any CPU
		{49727542-63D1-421C-AB46-009DBE8CB05E}.Debug|Any CPU.Build.0 = Debug|Any CPU
		{49727542-63D1-421C-AB46-009DBE8CB05E}.Debug|Any CPU.Deploy.0 = Debug|Any CPU
		{49727542-63D1-421C-AB46-009DBE8CB05E}.Release|Any CPU.ActiveCfg = Release|Any CPU
		{49727542-63D1-421C-AB46-009DBE8CB05E}.Release|Any CPU.Build.0 = Release|Any CPU
		{49727542-63D1-421C-AB46-009DBE8CB05E}.Release|Any CPU.Deploy.0 = Release|Any CPU
	EndGlobalSection
	GlobalSection(SolutionProperties) = preSolution
		HideSolutionNode = FALSE
	EndGlobalSection
	GlobalSection(ExtensibilityGlobals) = postSolution
		SolutionGuid = {F920F416-FA22-45E0-8DC5-0F23913B9529}
	EndGlobalSection
EndGlobal
